PODS:
  - AWSCore (2.34.2)
  - AWSSQS (2.34.2):
    - AWSCore (= 2.34.2)
  - MBProgressHUD (1.1.0)
  - SQLite.swift (0.15.3):
    - SQLite.swift/standard (= 0.15.3)
  - SQLite.swift/standard (0.15.3)
  - ZendriveSDK (10.1.0):
    - ZendriveSDK/Standard (= 10.1.0)
  - ZendriveSDK/Standard (10.1.0):
    - AWSCore (~> 2.34.2)
    - AWSSQS (~> 2.34.2)
    - SQLite.swift (~> 0.15.3)
  - ZendriveSDK/Testing (10.1.0):
    - ZendriveSDK/Standard

DEPENDENCIES:
  - MBProgressHUD (~> 1.1.0)
  - ZendriveSDK (from `https://bitbucket.org/zendrive-root/zendrive_cocoapod.git`, tag `10.1.0`)
  - ZendriveSDK/Testing (from `https://bitbucket.org/zendrive-root/zendrive_cocoapod.git`, tag `10.1.0`)

SPEC REPOS:
  https://github.com/CocoaPods/Specs.git:
    - AWSCore
    - AWSSQS
    - MBProgressHUD
    - SQLite.swift

EXTERNAL SOURCES:
  ZendriveSDK:
    :git: https://bitbucket.org/zendrive-root/zendrive_cocoapod.git
    :tag: 10.1.0

CHECKOUT OPTIONS:
  ZendriveSDK:
    :git: https://bitbucket.org/zendrive-root/zendrive_cocoapod.git
    :tag: 10.1.0

SPEC CHECKSUMS:
  AWSCore: 13649d9063a6807ec37bde35c8f2da329d63d4e2
  AWSSQS: 83192c91ef1dc8682cec17e83d6dcc7380715dd0
  MBProgressHUD: e7baa36a220447d8aeb12769bf0585582f3866d9
  SQLite.swift: 8d054987f02728cc912b0eb5a9659650573a65a2
  ZendriveSDK: 1124c27fa275821c7a3d8325a9545de08b97bd5d

PODFILE CHECKSUM: 4e7a9a21a417e66323b9414b5addb8210b277177

COCOAPODS: 1.14.3
