PODS:
  - AWSiOSSDKv2/AWSCore (2.0.12):
    - Bolts (~> 1.1.0)
    - GZIP (~> 1.0.3)
    - Mantle (~> 1.4.1)
    - Reachability (~> 3.1.1)
    - TMCache (~> 1.2.1)
    - UICKeyChainStore (~> 1.0.5)
    - XMLDictionary (~> 1.4.0)
  - AWSiOSSDKv2/S3 (2.0.12):
    - AWSiOSSDKv2/AWSCore
    - Bolts (~> 1.1.0)
    - GZIP (~> 1.0.3)
    - Mantle (~> 1.4.1)
    - Reachability (~> 3.1.1)
    - TMCache (~> 1.2.1)
    - UICKeyChainStore (~> 1.0.5)
    - XMLDictionary (~> 1.4.0)
  - AWSiOSSDKv2/SQS (2.0.12):
    - AWSiOSSDKv2/AWSCore
    - Bolts (~> 1.1.0)
    - GZIP (~> 1.0.3)
    - Mantle (~> 1.4.1)
    - Reachability (~> 3.1.1)
    - TMCache (~> 1.2.1)
    - UICKeyChainStore (~> 1.0.5)
    - XMLDictionary (~> 1.4.0)
  - Bolts (1.1.3)
  - FMDB (2.5):
    - FMDB/standard (= 2.5)
  - FMDB/common (2.5)
  - FMDB/standard (2.5):
    - FMDB/common
  - GZIP (1.0.3)
  - Mantle (1.4.1):
    - Mantle/extobjc (= 1.4.1)
  - Mantle/extobjc (1.4.1)
  - Reachability (3.1.1)
  - TMCache (1.2.3)
  - UICKeyChainStore (1.0.5)
  - XMLDictionary (1.4)
  - ZendriveSDK (3.1.0):
    - AWSiOSSDKv2/S3 (~> 2.0.0)
    - AWSiOSSDKv2/SQS (~> 2.0.0)
    - FMDB
    - Reachability (~> 3.1.1)

DEPENDENCIES:
  - ZendriveSDK (from `https://bitbucket.org/zendrive-root/zendrive_cocoapod.git`, tag `3.1.0`)

EXTERNAL SOURCES:
  ZendriveSDK:
    :git: https://bitbucket.org/zendrive-root/zendrive_cocoapod.git
    :tag: 3.1.0

CHECKOUT OPTIONS:
  ZendriveSDK:
    :git: https://bitbucket.org/zendrive-root/zendrive_cocoapod.git
    :tag: 3.1.0

SPEC CHECKSUMS:
  AWSiOSSDKv2: 57798629e08dcb547c29a093e7d1a7e2bc5ac0ae
  Bolts: 3db0a875235e0c9042b013af13af0f00f79b102c
  FMDB: 0efa188cf0dd1ce82c27a478cd5f5fa245308677
  GZIP: f27c434ffee5e9a9b34f4e9c19e91350fa8bbde1
  Mantle: 1ca9c0fa84d3d3fc98524e7229f30489b6dd44e5
  Reachability: 8e9635e3cb4f98e7f825e51147f677ecc694d0e7
  TMCache: 11589ef8c40909114a5e60132711c9a559e01d97
  UICKeyChainStore: 4f9719600cc70025064e26f28f1210bcfc3b0c35
  XMLDictionary: 735e81b9a043e220b0d24e9d4f16719606f2e0fc
  ZendriveSDK: db1b4890f2da8bd97e7ba1f424724080f6ac92d4

COCOAPODS: 0.35.0
