PODS:
  - AWSiOSSDKv2/AWSCore (2.0.17):
    - Bolts (~> 1.1.0)
    - FMDB (~> 2.4)
    - GZIP (~> 1.0.3)
    - Mantle (~> 1.4)
    - Reachability (~> 3.1)
    - TMCache (~> 1.2.1)
    - UICKeyChainStore (< 3.0)
    - XMLDictionary (~> 1.4.0)
  - AWSiOSSDKv2/S3 (2.0.17):
    - AWSiOSSDKv2/AWSCore
    - Bolts (~> 1.1.0)
    - FMDB (~> 2.4)
    - GZIP (~> 1.0.3)
    - Mantle (~> 1.4)
    - Reachability (~> 3.1)
    - TMCache (~> 1.2.1)
    - UICKeyChainStore (< 3.0)
    - XMLDictionary (~> 1.4.0)
  - AWSiOSSDKv2/SQS (2.0.17):
    - AWSiOSSDKv2/AWSCore
    - Bolts (~> 1.1.0)
    - FMDB (~> 2.4)
    - GZIP (~> 1.0.3)
    - Mantle (~> 1.4)
    - Reachability (~> 3.1)
    - TMCache (~> 1.2.1)
    - UICKeyChainStore (< 3.0)
    - XMLDictionary (~> 1.4.0)
  - Bolts (1.1.5):
    - Bolts/AppLinks (= 1.1.5)
    - Bolts/Tasks (= 1.1.5)
  - Bolts/AppLinks (1.1.5):
    - Bolts/Tasks
  - Bolts/Tasks (1.1.5)
  - FMDB (2.5):
    - FMDB/standard (= 2.5)
  - FMDB/common (2.5)
  - FMDB/standard (2.5):
    - FMDB/common
  - GZIP (1.0.3)
  - Mantle (1.5.4):
    - Mantle/extobjc (= 1.5.4)
  - Mantle/extobjc (1.5.4)
  - Reachability (3.1.1)
  - TMCache (1.2.4)
  - UICKeyChainStore (2.0.4)
  - XMLDictionary (1.4)
  - ZendriveSDK (3.3.2):
    - AWSiOSSDKv2/S3 (~> 2.0.0)
    - AWSiOSSDKv2/SQS (~> 2.0.0)
    - FMDB
    - Reachability (~> 3.1.1)

DEPENDENCIES:
  - ZendriveSDK (from `https://bitbucket.org/zendrive-root/zendrive_cocoapod.git`,
    tag `3.3.2`)

EXTERNAL SOURCES:
  ZendriveSDK:
    :git: https://bitbucket.org/zendrive-root/zendrive_cocoapod.git
    :tag: 3.3.2

CHECKOUT OPTIONS:
  ZendriveSDK:
    :git: https://bitbucket.org/zendrive-root/zendrive_cocoapod.git
    :tag: 3.3.2

SPEC CHECKSUMS:
  AWSiOSSDKv2: a3211ed93ac473ad2729ee11e2dc1b88cc39d55d
  Bolts: aac24961496d504aa56fc267cde95162a71bac39
  FMDB: 96e8f1bcc1329e269330f99770ad4285d9003e52
  GZIP: f0863fda354e8f83316508c0a2c7bbe385e39129
  Mantle: 60acd0cd363e27d945bda0a6b8e90577112d28f3
  Reachability: dd9aa4fb6667b9f787690a74f53cb7634ce99893
  TMCache: a93984b045a5ee84bd8941bd5e0b54296059cc52
  UICKeyChainStore: 69eb0c3a6f669bccf16ba88de3b9069b71501361
  XMLDictionary: f9f51601ba76678b594ab485f2b00ec1fed23724
  ZendriveSDK: 7bccdfcf8191e28a6b21fd93e03a6d849af4ea90

COCOAPODS: 0.36.1
