// !$*UTF8*$!
{
	archiveVersion = 1;
	classes = {
	};
	objectVersion = 50;
	objects = {

/* Begin PBXBuildFile section */
		5C5BF948FFC16887E43E0494 /* libPods-ZendriveSDKDemoSwift.a in Frameworks */ = {isa = PBXBuildFile; fileRef = 2D68F9FB08102B60F6DDF6B6 /* libPods-ZendriveSDKDemoSwift.a */; };
		F61E928022EB027500601E2F /* SettingViewController.swift in Sources */ = {isa = PBXBuildFile; fileRef = F61E927F22EB027500601E2F /* SettingViewController.swift */; };
		F61E928222F04D2000601E2F /* AppLogger.swift in Sources */ = {isa = PBXBuildFile; fileRef = F61E928122F04D2000601E2F /* AppLogger.swift */; };
		F6291CAE22E08F8300981E23 /* Trip.swift in Sources */ = {isa = PBXBuildFile; fileRef = F6291CAD22E08F8300981E23 /* Trip.swift */; };
		F63A110422DDAF4F00A71A57 /* User.swift in Sources */ = {isa = PBXBuildFile; fileRef = F63A110322DDAF4F00A71A57 /* User.swift */; };
		F63A110722DDF90A00A71A57 /* Router.swift in Sources */ = {isa = PBXBuildFile; fileRef = F63A110622DDF90A00A71A57 /* Router.swift */; };
		F64AACC122E1B593005D235E /* NotificationManager.swift in Sources */ = {isa = PBXBuildFile; fileRef = F64AACC022E1B593005D235E /* NotificationManager.swift */; };
		F64AACC322E1CE68005D235E /* UserDefaultsManager.swift in Sources */ = {isa = PBXBuildFile; fileRef = F64AACC222E1CE68005D235E /* UserDefaultsManager.swift */; };
		F64AACC722E5B63B005D235E /* TripsViewController.swift in Sources */ = {isa = PBXBuildFile; fileRef = F64AACC622E5B63B005D235E /* TripsViewController.swift */; };
		F64AACC922E72AAD005D235E /* LocationPoint.swift in Sources */ = {isa = PBXBuildFile; fileRef = F64AACC822E72AAD005D235E /* LocationPoint.swift */; };
		F69C25BA22F99C27004E2B3B /* FoundationExtension.swift in Sources */ = {isa = PBXBuildFile; fileRef = F69C25B922F99C27004E2B3B /* FoundationExtension.swift */; };
		F6BE420F22F2CAB00069E738 /* Constants.swift in Sources */ = {isa = PBXBuildFile; fileRef = F6BE420E22F2CAB00069E738 /* Constants.swift */; };
		F6C0C38222D8A51E00984814 /* AppDelegate.swift in Sources */ = {isa = PBXBuildFile; fileRef = F6C0C38122D8A51E00984814 /* AppDelegate.swift */; };
		F6C0C38422D8A51E00984814 /* LoginViewController.swift in Sources */ = {isa = PBXBuildFile; fileRef = F6C0C38322D8A51E00984814 /* LoginViewController.swift */; };
		F6C0C38722D8A51E00984814 /* Main.storyboard in Resources */ = {isa = PBXBuildFile; fileRef = F6C0C38522D8A51E00984814 /* Main.storyboard */; };
		F6C0C38922D8A52300984814 /* Assets.xcassets in Resources */ = {isa = PBXBuildFile; fileRef = F6C0C38822D8A52300984814 /* Assets.xcassets */; };
		F6C0C38C22D8A52300984814 /* LaunchScreen.storyboard in Resources */ = {isa = PBXBuildFile; fileRef = F6C0C38A22D8A52300984814 /* LaunchScreen.storyboard */; };
/* End PBXBuildFile section */

/* Begin PBXFileReference section */
		2D68F9FB08102B60F6DDF6B6 /* libPods-ZendriveSDKDemoSwift.a */ = {isa = PBXFileReference; explicitFileType = archive.ar; includeInIndex = 0; path = "libPods-ZendriveSDKDemoSwift.a"; sourceTree = BUILT_PRODUCTS_DIR; };
		3EE82B56ABBD266BAF92B41C /* Pods-ZendriveSDKDemoSwiftTests.release.xcconfig */ = {isa = PBXFileReference; includeInIndex = 1; lastKnownFileType = text.xcconfig; name = "Pods-ZendriveSDKDemoSwiftTests.release.xcconfig"; path = "Target Support Files/Pods-ZendriveSDKDemoSwiftTests/Pods-ZendriveSDKDemoSwiftTests.release.xcconfig"; sourceTree = "<group>"; };
		445EF60ABB1AEEB083314B97 /* Pods-ZendriveSDKDemoSwiftTests.debug.xcconfig */ = {isa = PBXFileReference; includeInIndex = 1; lastKnownFileType = text.xcconfig; name = "Pods-ZendriveSDKDemoSwiftTests.debug.xcconfig"; path = "Target Support Files/Pods-ZendriveSDKDemoSwiftTests/Pods-ZendriveSDKDemoSwiftTests.debug.xcconfig"; sourceTree = "<group>"; };
		A7178F8E0F3701B27F45BEFB /* Pods-ZendriveSDKDemoSwift.release.xcconfig */ = {isa = PBXFileReference; includeInIndex = 1; lastKnownFileType = text.xcconfig; name = "Pods-ZendriveSDKDemoSwift.release.xcconfig"; path = "Target Support Files/Pods-ZendriveSDKDemoSwift/Pods-ZendriveSDKDemoSwift.release.xcconfig"; sourceTree = "<group>"; };
		B24F6B4DA66D37594DD12FBE /* libPods-ZendriveSDKDemoSwiftTests.a */ = {isa = PBXFileReference; explicitFileType = archive.ar; includeInIndex = 0; path = "libPods-ZendriveSDKDemoSwiftTests.a"; sourceTree = BUILT_PRODUCTS_DIR; };
		ED8116A0CF8C7C701E349452 /* Pods-ZendriveSDKDemoSwift.debug.xcconfig */ = {isa = PBXFileReference; includeInIndex = 1; lastKnownFileType = text.xcconfig; name = "Pods-ZendriveSDKDemoSwift.debug.xcconfig"; path = "Target Support Files/Pods-ZendriveSDKDemoSwift/Pods-ZendriveSDKDemoSwift.debug.xcconfig"; sourceTree = "<group>"; };
		F61E927F22EB027500601E2F /* SettingViewController.swift */ = {isa = PBXFileReference; lastKnownFileType = sourcecode.swift; path = SettingViewController.swift; sourceTree = "<group>"; };
		F61E928122F04D2000601E2F /* AppLogger.swift */ = {isa = PBXFileReference; lastKnownFileType = sourcecode.swift; path = AppLogger.swift; sourceTree = "<group>"; };
		F6291CAD22E08F8300981E23 /* Trip.swift */ = {isa = PBXFileReference; lastKnownFileType = sourcecode.swift; path = Trip.swift; sourceTree = "<group>"; };
		F63A110322DDAF4F00A71A57 /* User.swift */ = {isa = PBXFileReference; lastKnownFileType = sourcecode.swift; path = User.swift; sourceTree = "<group>"; };
		F63A110622DDF90A00A71A57 /* Router.swift */ = {isa = PBXFileReference; lastKnownFileType = sourcecode.swift; path = Router.swift; sourceTree = "<group>"; };
		F64AACC022E1B593005D235E /* NotificationManager.swift */ = {isa = PBXFileReference; lastKnownFileType = sourcecode.swift; path = NotificationManager.swift; sourceTree = "<group>"; };
		F64AACC222E1CE68005D235E /* UserDefaultsManager.swift */ = {isa = PBXFileReference; lastKnownFileType = sourcecode.swift; path = UserDefaultsManager.swift; sourceTree = "<group>"; };
		F64AACC622E5B63B005D235E /* TripsViewController.swift */ = {isa = PBXFileReference; lastKnownFileType = sourcecode.swift; path = TripsViewController.swift; sourceTree = "<group>"; };
		F64AACC822E72AAD005D235E /* LocationPoint.swift */ = {isa = PBXFileReference; lastKnownFileType = sourcecode.swift; path = LocationPoint.swift; sourceTree = "<group>"; };
		F69C25B922F99C27004E2B3B /* FoundationExtension.swift */ = {isa = PBXFileReference; lastKnownFileType = sourcecode.swift; path = FoundationExtension.swift; sourceTree = "<group>"; };
		F6BE420E22F2CAB00069E738 /* Constants.swift */ = {isa = PBXFileReference; lastKnownFileType = sourcecode.swift; path = Constants.swift; sourceTree = "<group>"; };
		F6C0C37E22D8A51E00984814 /* ZendriveSDKDemoSwift.app */ = {isa = PBXFileReference; explicitFileType = wrapper.application; includeInIndex = 0; path = ZendriveSDKDemoSwift.app; sourceTree = BUILT_PRODUCTS_DIR; };
		F6C0C38122D8A51E00984814 /* AppDelegate.swift */ = {isa = PBXFileReference; lastKnownFileType = sourcecode.swift; path = AppDelegate.swift; sourceTree = "<group>"; };
		F6C0C38322D8A51E00984814 /* LoginViewController.swift */ = {isa = PBXFileReference; lastKnownFileType = sourcecode.swift; path = LoginViewController.swift; sourceTree = "<group>"; };
		F6C0C38622D8A51E00984814 /* Base */ = {isa = PBXFileReference; lastKnownFileType = file.storyboard; name = Base; path = Base.lproj/Main.storyboard; sourceTree = "<group>"; };
		F6C0C38822D8A52300984814 /* Assets.xcassets */ = {isa = PBXFileReference; lastKnownFileType = folder.assetcatalog; path = Assets.xcassets; sourceTree = "<group>"; };
		F6C0C38B22D8A52300984814 /* Base */ = {isa = PBXFileReference; lastKnownFileType = file.storyboard; name = Base; path = Base.lproj/LaunchScreen.storyboard; sourceTree = "<group>"; };
		F6C0C38D22D8A52300984814 /* Info.plist */ = {isa = PBXFileReference; lastKnownFileType = text.plist.xml; path = Info.plist; sourceTree = "<group>"; };
/* End PBXFileReference section */

/* Begin PBXFrameworksBuildPhase section */
		F6C0C37B22D8A51E00984814 /* Frameworks */ = {
			isa = PBXFrameworksBuildPhase;
			buildActionMask = 2147483647;
			files = (
				5C5BF948FFC16887E43E0494 /* libPods-ZendriveSDKDemoSwift.a in Frameworks */,
			);
			runOnlyForDeploymentPostprocessing = 0;
		};
/* End PBXFrameworksBuildPhase section */

/* Begin PBXGroup section */
		03BA028F2D2D2A6FEBE635C0 /* Frameworks */ = {
			isa = PBXGroup;
			children = (
				2D68F9FB08102B60F6DDF6B6 /* libPods-ZendriveSDKDemoSwift.a */,
				B24F6B4DA66D37594DD12FBE /* libPods-ZendriveSDKDemoSwiftTests.a */,
			);
			name = Frameworks;
			sourceTree = "<group>";
		};
		C2218445B926154B9BB96613 /* Pods */ = {
			isa = PBXGroup;
			children = (
				ED8116A0CF8C7C701E349452 /* Pods-ZendriveSDKDemoSwift.debug.xcconfig */,
				A7178F8E0F3701B27F45BEFB /* Pods-ZendriveSDKDemoSwift.release.xcconfig */,
				445EF60ABB1AEEB083314B97 /* Pods-ZendriveSDKDemoSwiftTests.debug.xcconfig */,
				3EE82B56ABBD266BAF92B41C /* Pods-ZendriveSDKDemoSwiftTests.release.xcconfig */,
			);
			path = Pods;
			sourceTree = "<group>";
		};
		F63A110222DDAEF800A71A57 /* Model */ = {
			isa = PBXGroup;
			children = (
				F63A110322DDAF4F00A71A57 /* User.swift */,
				F6291CAD22E08F8300981E23 /* Trip.swift */,
				F64AACC822E72AAD005D235E /* LocationPoint.swift */,
				F6BE420E22F2CAB00069E738 /* Constants.swift */,
			);
			path = Model;
			sourceTree = "<group>";
		};
		F63A110522DDF8DD00A71A57 /* helper */ = {
			isa = PBXGroup;
			children = (
				F63A110622DDF90A00A71A57 /* Router.swift */,
			);
			path = helper;
			sourceTree = "<group>";
		};
		F6C0C37522D8A51E00984814 = {
			isa = PBXGroup;
			children = (
				F6C0C38022D8A51E00984814 /* ZendriveSDKDemoSwift */,
				F6C0C37F22D8A51E00984814 /* Products */,
				C2218445B926154B9BB96613 /* Pods */,
				03BA028F2D2D2A6FEBE635C0 /* Frameworks */,
			);
			sourceTree = "<group>";
		};
		F6C0C37F22D8A51E00984814 /* Products */ = {
			isa = PBXGroup;
			children = (
				F6C0C37E22D8A51E00984814 /* ZendriveSDKDemoSwift.app */,
			);
			name = Products;
			sourceTree = "<group>";
		};
		F6C0C38022D8A51E00984814 /* ZendriveSDKDemoSwift */ = {
			isa = PBXGroup;
			children = (
				F63A110522DDF8DD00A71A57 /* helper */,
				F63A110222DDAEF800A71A57 /* Model */,
				F6C0C38122D8A51E00984814 /* AppDelegate.swift */,
				F6C0C38322D8A51E00984814 /* LoginViewController.swift */,
				F64AACC622E5B63B005D235E /* TripsViewController.swift */,
				F64AACC022E1B593005D235E /* NotificationManager.swift */,
				F64AACC222E1CE68005D235E /* UserDefaultsManager.swift */,
				F6C0C38522D8A51E00984814 /* Main.storyboard */,
				F6C0C38822D8A52300984814 /* Assets.xcassets */,
				F6C0C38A22D8A52300984814 /* LaunchScreen.storyboard */,
				F6C0C38D22D8A52300984814 /* Info.plist */,
				F61E927F22EB027500601E2F /* SettingViewController.swift */,
				F61E928122F04D2000601E2F /* AppLogger.swift */,
				F69C25B922F99C27004E2B3B /* FoundationExtension.swift */,
			);
			path = ZendriveSDKDemoSwift;
			sourceTree = "<group>";
		};
/* End PBXGroup section */

/* Begin PBXNativeTarget section */
		F6C0C37D22D8A51E00984814 /* ZendriveSDKDemoSwift */ = {
			isa = PBXNativeTarget;
			buildConfigurationList = F6C0C3A622D8A52400984814 /* Build configuration list for PBXNativeTarget "ZendriveSDKDemoSwift" */;
			buildPhases = (
				11C0B58719153971A831F863 /* [CP] Check Pods Manifest.lock */,
				F6C0C37A22D8A51E00984814 /* Sources */,
				F6C0C37B22D8A51E00984814 /* Frameworks */,
				F6C0C37C22D8A51E00984814 /* Resources */,
			);
			buildRules = (
			);
			dependencies = (
			);
			name = ZendriveSDKDemoSwift;
			productName = ZendriveSDKDemoSwift;
			productReference = F6C0C37E22D8A51E00984814 /* ZendriveSDKDemoSwift.app */;
			productType = "com.apple.product-type.application";
		};
/* End PBXNativeTarget section */

/* Begin PBXProject section */
		F6C0C37622D8A51E00984814 /* Project object */ = {
			isa = PBXProject;
			attributes = {
				LastSwiftUpdateCheck = 1020;
				LastUpgradeCheck = 1020;
				ORGANIZATIONNAME = zendrive;
				TargetAttributes = {
					F6C0C37D22D8A51E00984814 = {
						CreatedOnToolsVersion = 10.2.1;
						SystemCapabilities = {
							com.apple.BackgroundModes = {
								enabled = 1;
							};
						};
					};
				};
			};
			buildConfigurationList = F6C0C37922D8A51E00984814 /* Build configuration list for PBXProject "ZendriveSDKDemoSwift" */;
			compatibilityVersion = "Xcode 9.3";
			developmentRegion = en;
			hasScannedForEncodings = 0;
			knownRegions = (
				en,
				Base,
			);
			mainGroup = F6C0C37522D8A51E00984814;
			productRefGroup = F6C0C37F22D8A51E00984814 /* Products */;
			projectDirPath = "";
			projectRoot = "";
			targets = (
				F6C0C37D22D8A51E00984814 /* ZendriveSDKDemoSwift */,
			);
		};
/* End PBXProject section */

/* Begin PBXResourcesBuildPhase section */
		F6C0C37C22D8A51E00984814 /* Resources */ = {
			isa = PBXResourcesBuildPhase;
			buildActionMask = 2147483647;
			files = (
				F6C0C38C22D8A52300984814 /* LaunchScreen.storyboard in Resources */,
				F6C0C38922D8A52300984814 /* Assets.xcassets in Resources */,
				F6C0C38722D8A51E00984814 /* Main.storyboard in Resources */,
			);
			runOnlyForDeploymentPostprocessing = 0;
		};
/* End PBXResourcesBuildPhase section */

/* Begin PBXShellScriptBuildPhase section */
		11C0B58719153971A831F863 /* [CP] Check Pods Manifest.lock */ = {
			isa = PBXShellScriptBuildPhase;
			buildActionMask = 2147483647;
			files = (
			);
			inputFileListPaths = (
			);
			inputPaths = (
				"${PODS_PODFILE_DIR_PATH}/Podfile.lock",
				"${PODS_ROOT}/Manifest.lock",
			);
			name = "[CP] Check Pods Manifest.lock";
			outputFileListPaths = (
			);
			outputPaths = (
				"$(DERIVED_FILE_DIR)/Pods-ZendriveSDKDemoSwift-checkManifestLockResult.txt",
			);
			runOnlyForDeploymentPostprocessing = 0;
			shellPath = /bin/sh;
			shellScript = "diff \"${PODS_PODFILE_DIR_PATH}/Podfile.lock\" \"${PODS_ROOT}/Manifest.lock\" > /dev/null\nif [ $? != 0 ] ; then\n    # print error to STDERR\n    echo \"error: The sandbox is not in sync with the Podfile.lock. Run 'pod install' or update your CocoaPods installation.\" >&2\n    exit 1\nfi\n# This output is used by Xcode 'outputs' to avoid re-running this script phase.\necho \"SUCCESS\" > \"${SCRIPT_OUTPUT_FILE_0}\"\n";
			showEnvVarsInLog = 0;
		};
/* End PBXShellScriptBuildPhase section */

/* Begin PBXSourcesBuildPhase section */
		F6C0C37A22D8A51E00984814 /* Sources */ = {
			isa = PBXSourcesBuildPhase;
			buildActionMask = 2147483647;
			files = (
				F69C25BA22F99C27004E2B3B /* FoundationExtension.swift in Sources */,
				F64AACC722E5B63B005D235E /* TripsViewController.swift in Sources */,
				F61E928022EB027500601E2F /* SettingViewController.swift in Sources */,
				F64AACC922E72AAD005D235E /* LocationPoint.swift in Sources */,
				F61E928222F04D2000601E2F /* AppLogger.swift in Sources */,
				F6291CAE22E08F8300981E23 /* Trip.swift in Sources */,
				F63A110422DDAF4F00A71A57 /* User.swift in Sources */,
				F6C0C38422D8A51E00984814 /* LoginViewController.swift in Sources */,
				F6BE420F22F2CAB00069E738 /* Constants.swift in Sources */,
				F64AACC122E1B593005D235E /* NotificationManager.swift in Sources */,
				F6C0C38222D8A51E00984814 /* AppDelegate.swift in Sources */,
				F64AACC322E1CE68005D235E /* UserDefaultsManager.swift in Sources */,
				F63A110722DDF90A00A71A57 /* Router.swift in Sources */,
			);
			runOnlyForDeploymentPostprocessing = 0;
		};
/* End PBXSourcesBuildPhase section */

/* Begin PBXVariantGroup section */
		F6C0C38522D8A51E00984814 /* Main.storyboard */ = {
			isa = PBXVariantGroup;
			children = (
				F6C0C38622D8A51E00984814 /* Base */,
			);
			name = Main.storyboard;
			sourceTree = "<group>";
		};
		F6C0C38A22D8A52300984814 /* LaunchScreen.storyboard */ = {
			isa = PBXVariantGroup;
			children = (
				F6C0C38B22D8A52300984814 /* Base */,
			);
			name = LaunchScreen.storyboard;
			sourceTree = "<group>";
		};
/* End PBXVariantGroup section */

/* Begin XCBuildConfiguration section */
		F6C0C3A422D8A52400984814 /* Debug */ = {
			isa = XCBuildConfiguration;
			buildSettings = {
				ALWAYS_SEARCH_USER_PATHS = NO;
				CLANG_ANALYZER_NONNULL = YES;
				CLANG_ANALYZER_NUMBER_OBJECT_CONVERSION = YES_AGGRESSIVE;
				CLANG_CXX_LANGUAGE_STANDARD = "gnu++14";
				CLANG_CXX_LIBRARY = "libc++";
				CLANG_ENABLE_MODULES = YES;
				CLANG_ENABLE_OBJC_ARC = YES;
				CLANG_ENABLE_OBJC_WEAK = YES;
				CLANG_WARN_BLOCK_CAPTURE_AUTORELEASING = YES;
				CLANG_WARN_BOOL_CONVERSION = YES;
				CLANG_WARN_COMMA = YES;
				CLANG_WARN_CONSTANT_CONVERSION = YES;
				CLANG_WARN_DEPRECATED_OBJC_IMPLEMENTATIONS = YES;
				CLANG_WARN_DIRECT_OBJC_ISA_USAGE = YES_ERROR;
				CLANG_WARN_DOCUMENTATION_COMMENTS = YES;
				CLANG_WARN_EMPTY_BODY = YES;
				CLANG_WARN_ENUM_CONVERSION = YES;
				CLANG_WARN_INFINITE_RECURSION = YES;
				CLANG_WARN_INT_CONVERSION = YES;
				CLANG_WARN_NON_LITERAL_NULL_CONVERSION = YES;
				CLANG_WARN_OBJC_IMPLICIT_RETAIN_SELF = YES;
				CLANG_WARN_OBJC_LITERAL_CONVERSION = YES;
				CLANG_WARN_OBJC_ROOT_CLASS = YES_ERROR;
				CLANG_WARN_RANGE_LOOP_ANALYSIS = YES;
				CLANG_WARN_STRICT_PROTOTYPES = YES;
				CLANG_WARN_SUSPICIOUS_MOVE = YES;
				CLANG_WARN_UNGUARDED_AVAILABILITY = YES_AGGRESSIVE;
				CLANG_WARN_UNREACHABLE_CODE = YES;
				CLANG_WARN__DUPLICATE_METHOD_MATCH = YES;
				CODE_SIGN_IDENTITY = "iPhone Developer";
				COPY_PHASE_STRIP = NO;
				DEBUG_INFORMATION_FORMAT = dwarf;
				ENABLE_STRICT_OBJC_MSGSEND = YES;
				ENABLE_TESTABILITY = YES;
				GCC_C_LANGUAGE_STANDARD = gnu11;
				GCC_DYNAMIC_NO_PIC = NO;
				GCC_NO_COMMON_BLOCKS = YES;
				GCC_OPTIMIZATION_LEVEL = 0;
				GCC_PREPROCESSOR_DEFINITIONS = (
					"DEBUG=1",
					"$(inherited)",
				);
				GCC_WARN_64_TO_32_BIT_CONVERSION = YES;
				GCC_WARN_ABOUT_RETURN_TYPE = YES_ERROR;
				GCC_WARN_UNDECLARED_SELECTOR = YES;
				GCC_WARN_UNINITIALIZED_AUTOS = YES_AGGRESSIVE;
				GCC_WARN_UNUSED_FUNCTION = YES;
				GCC_WARN_UNUSED_VARIABLE = YES;
				IPHONEOS_DEPLOYMENT_TARGET = 10.0;
				MTL_ENABLE_DEBUG_INFO = INCLUDE_SOURCE;
				MTL_FAST_MATH = YES;
				ONLY_ACTIVE_ARCH = YES;
				SDKROOT = iphoneos;
				SWIFT_ACTIVE_COMPILATION_CONDITIONS = DEBUG;
				SWIFT_OPTIMIZATION_LEVEL = "-Onone";
			};
			name = Debug;
		};
		F6C0C3A522D8A52400984814 /* Release */ = {
			isa = XCBuildConfiguration;
			buildSettings = {
				ALWAYS_SEARCH_USER_PATHS = NO;
				CLANG_ANALYZER_NONNULL = YES;
				CLANG_ANALYZER_NUMBER_OBJECT_CONVERSION = YES_AGGRESSIVE;
				CLANG_CXX_LANGUAGE_STANDARD = "gnu++14";
				CLANG_CXX_LIBRARY = "libc++";
				CLANG_ENABLE_MODULES = YES;
				CLANG_ENABLE_OBJC_ARC = YES;
				CLANG_ENABLE_OBJC_WEAK = YES;
				CLANG_WARN_BLOCK_CAPTURE_AUTORELEASING = YES;
				CLANG_WARN_BOOL_CONVERSION = YES;
				CLANG_WARN_COMMA = YES;
				CLANG_WARN_CONSTANT_CONVERSION = YES;
				CLANG_WARN_DEPRECATED_OBJC_IMPLEMENTATIONS = YES;
				CLANG_WARN_DIRECT_OBJC_ISA_USAGE = YES_ERROR;
				CLANG_WARN_DOCUMENTATION_COMMENTS = YES;
				CLANG_WARN_EMPTY_BODY = YES;
				CLANG_WARN_ENUM_CONVERSION = YES;
				CLANG_WARN_INFINITE_RECURSION = YES;
				CLANG_WARN_INT_CONVERSION = YES;
				CLANG_WARN_NON_LITERAL_NULL_CONVERSION = YES;
				CLANG_WARN_OBJC_IMPLICIT_RETAIN_SELF = YES;
				CLANG_WARN_OBJC_LITERAL_CONVERSION = YES;
				CLANG_WARN_OBJC_ROOT_CLASS = YES_ERROR;
				CLANG_WARN_RANGE_LOOP_ANALYSIS = YES;
				CLANG_WARN_STRICT_PROTOTYPES = YES;
				CLANG_WARN_SUSPICIOUS_MOVE = YES;
				CLANG_WARN_UNGUARDED_AVAILABILITY = YES_AGGRESSIVE;
				CLANG_WARN_UNREACHABLE_CODE = YES;
				CLANG_WARN__DUPLICATE_METHOD_MATCH = YES;
				CODE_SIGN_IDENTITY = "iPhone Developer";
				COPY_PHASE_STRIP = NO;
				DEBUG_INFORMATION_FORMAT = "dwarf-with-dsym";
				ENABLE_NS_ASSERTIONS = NO;
				ENABLE_STRICT_OBJC_MSGSEND = YES;
				GCC_C_LANGUAGE_STANDARD = gnu11;
				GCC_NO_COMMON_BLOCKS = YES;
				GCC_WARN_64_TO_32_BIT_CONVERSION = YES;
				GCC_WARN_ABOUT_RETURN_TYPE = YES_ERROR;
				GCC_WARN_UNDECLARED_SELECTOR = YES;
				GCC_WARN_UNINITIALIZED_AUTOS = YES_AGGRESSIVE;
				GCC_WARN_UNUSED_FUNCTION = YES;
				GCC_WARN_UNUSED_VARIABLE = YES;
				IPHONEOS_DEPLOYMENT_TARGET = 10.0;
				MTL_ENABLE_DEBUG_INFO = NO;
				MTL_FAST_MATH = YES;
				SDKROOT = iphoneos;
				SWIFT_COMPILATION_MODE = wholemodule;
				SWIFT_OPTIMIZATION_LEVEL = "-O";
				VALIDATE_PRODUCT = YES;
			};
			name = Release;
		};
		F6C0C3A722D8A52400984814 /* Debug */ = {
			isa = XCBuildConfiguration;
			baseConfigurationReference = ED8116A0CF8C7C701E349452 /* Pods-ZendriveSDKDemoSwift.debug.xcconfig */;
			buildSettings = {
				ASSETCATALOG_COMPILER_APPICON_NAME = AppIcon;
				CODE_SIGN_STYLE = Automatic;
				DEVELOPMENT_TEAM = G58MEDR6ZT;
				ENABLE_BITCODE = NO;
				INFOPLIST_FILE = ZendriveSDKDemoSwift/Info.plist;
				IPHONEOS_DEPLOYMENT_TARGET = 10.0;
				LD_RUNPATH_SEARCH_PATHS = (
					"$(inherited)",
					"@executable_path/Frameworks",
				);
				PRODUCT_BUNDLE_IDENTIFIER = com.zendrive.ZendriveSDKDemoSwift;
				PRODUCT_NAME = "$(TARGET_NAME)";
				SWIFT_VERSION = 5.0;
				TARGETED_DEVICE_FAMILY = "1,2";
			};
			name = Debug;
		};
		F6C0C3A822D8A52400984814 /* Release */ = {
			isa = XCBuildConfiguration;
			baseConfigurationReference = A7178F8E0F3701B27F45BEFB /* Pods-ZendriveSDKDemoSwift.release.xcconfig */;
			buildSettings = {
				ASSETCATALOG_COMPILER_APPICON_NAME = AppIcon;
				CODE_SIGN_STYLE = Automatic;
				DEVELOPMENT_TEAM = G58MEDR6ZT;
				ENABLE_BITCODE = NO;
				INFOPLIST_FILE = ZendriveSDKDemoSwift/Info.plist;
				IPHONEOS_DEPLOYMENT_TARGET = 10.0;
				LD_RUNPATH_SEARCH_PATHS = (
					"$(inherited)",
					"@executable_path/Frameworks",
				);
				PRODUCT_BUNDLE_IDENTIFIER = com.zendrive.ZendriveSDKDemoSwift;
				PRODUCT_NAME = "$(TARGET_NAME)";
				SWIFT_VERSION = 5.0;
				TARGETED_DEVICE_FAMILY = "1,2";
			};
			name = Release;
		};
/* End XCBuildConfiguration section */

/* Begin XCConfigurationList section */
		F6C0C37922D8A51E00984814 /* Build configuration list for PBXProject "ZendriveSDKDemoSwift" */ = {
			isa = XCConfigurationList;
			buildConfigurations = (
				F6C0C3A422D8A52400984814 /* Debug */,
				F6C0C3A522D8A52400984814 /* Release */,
			);
			defaultConfigurationIsVisible = 0;
			defaultConfigurationName = Release;
		};
		F6C0C3A622D8A52400984814 /* Build configuration list for PBXNativeTarget "ZendriveSDKDemoSwift" */ = {
			isa = XCConfigurationList;
			buildConfigurations = (
				F6C0C3A722D8A52400984814 /* Debug */,
				F6C0C3A822D8A52400984814 /* Release */,
			);
			defaultConfigurationIsVisible = 0;
			defaultConfigurationName = Release;
		};
/* End XCConfigurationList section */
	};
	rootObject = F6C0C37622D8A51E00984814 /* Project object */;
}
