PODS:
  - AWSCore (2.11.1)
  - AWSSQS (2.11.1):
    - AWSCore (= 2.11.1)
  - CocoaLumberjack/Core (3.5.3)
  - CocoaLumberjack/Swift (3.5.3):
    - CocoaLumberjack/Core
  - Crashlytics (3.13.2):
    - Fabric (~> 1.10.2)
  - Fabric (1.10.2)
  - MBProgressHUD (1.1.0)
  - SQLite.swift (0.12.2):
    - SQLite.swift/standard (= 0.12.2)
  - SQLite.swift/standard (0.12.2)
  - ZendriveSDK (7.0.0):
    - ZendriveSDK/Standard (= 7.0.0)
  - ZendriveSDK/Standard (7.0.0):
    - AWSCore (~> 2.11.1)
    - AWSSQS (~> 2.11.1)
    - SQLite.swift (~> 0.12.0)
  - ZendriveSDKSwift (7.0.0):
    - ZendriveSDK

DEPENDENCIES:
  - CocoaLumberjack/Swift
  - Crashlytics
  - MBProgressHUD (~> 1.1.0)
  - ZendriveSDK (from `https://bitbucket.org/zendrive-root/zendrive_cocoapod.git`, tag `7.0.0`)
  - ZendriveSDKSwift (from `https://bitbucket.org/zendrive-root/zendrive_cocoapod.git`, tag `7.0.0`)

SPEC REPOS:
  https://github.com/CocoaPods/Specs.git:
    - AWSCore
    - AWSSQS
    - CocoaLumberjack
    - Crashlytics
    - Fabric
    - MBProgressHUD
    - SQLite.swift

EXTERNAL SOURCES:
  ZendriveSDK:
    :git: https://bitbucket.org/zendrive-root/zendrive_cocoapod.git
    :tag: 7.0.0
  ZendriveSDKSwift:
    :git: https://bitbucket.org/zendrive-root/zendrive_cocoapod.git
    :tag: 7.0.0

CHECKOUT OPTIONS:
  ZendriveSDK:
    :git: https://bitbucket.org/zendrive-root/zendrive_cocoapod.git
    :tag: 7.0.0
  ZendriveSDKSwift:
    :git: https://bitbucket.org/zendrive-root/zendrive_cocoapod.git
    :tag: 7.0.0

SPEC CHECKSUMS:
  AWSCore: 00093a1ff49b5d6ce5f1e4d83fe301486fc5034d
  AWSSQS: 42876563f01932be2af2d6df19889e38b009ad55
  CocoaLumberjack: 2f44e60eb91c176d471fdba43b9e3eae6a721947
  Crashlytics: 611738c7847f8291a1a51084e35987b86ba6b3ee
  Fabric: 706c8b8098fff96c33c0db69cbf81f9c551d0d74
  MBProgressHUD: e7baa36a220447d8aeb12769bf0585582f3866d9
  SQLite.swift: d2b4642190917051ce6bd1d49aab565fe794eea3
  ZendriveSDK: 5db335376586cd13e85dbd390a6c7d36adc937c4
  ZendriveSDKSwift: 6c2589d96e7a511f59865ca5098507bd17201860

PODFILE CHECKSUM: f1b9c4730ad981262708a56165a28a426f9d0898

COCOAPODS: 1.9.3
