PODS:
  - AWSCore (2.11.1)
  - AWSSQS (2.11.1):
    - AWSCore (= 2.11.1)
  - CocoaLumberjack/Core (3.5.3)
  - CocoaLumberjack/Swift (3.5.3):
    - CocoaLumberjack/Core
  - Crashlytics (3.13.2):
    - Fabric (~> 1.10.2)
  - Fabric (1.10.2)
  - MBProgressHUD (1.1.0)
  - SQLite.swift (0.12.2):
    - SQLite.swift/standard (= 0.12.2)
  - SQLite.swift/standard (0.12.2)
  - ZendriveSDK (7.1.0):
    - ZendriveSDK/Standard (= 7.1.0)
  - ZendriveSDK/Standard (7.1.0):
    - AWSCore (~> 2.11.1)
    - AWSSQS (~> 2.11.1)
    - SQLite.swift (~> 0.12.0)
  - ZendriveSDKSwift (7.1.0):
    - ZendriveSDK

DEPENDENCIES:
  - CocoaLumberjack/Swift
  - Crashlytics
  - MBProgressHUD (~> 1.1.0)
  - ZendriveSDK (from `https://bitbucket.org/zendrive-root/zendrive_cocoapod.git`, tag `7.1.0`)
  - ZendriveSDKSwift (from `https://bitbucket.org/zendrive-root/zendrive_cocoapod.git`, tag `7.1.0`)

SPEC REPOS:
  https://github.com/CocoaPods/Specs.git:
    - AWSCore
    - AWSSQS
    - CocoaLumberjack
    - Crashlytics
    - Fabric
    - MBProgressHUD
    - SQLite.swift

EXTERNAL SOURCES:
  ZendriveSDK:
    :git: https://bitbucket.org/zendrive-root/zendrive_cocoapod.git
    :tag: 7.1.0
  ZendriveSDKSwift:
    :git: https://bitbucket.org/zendrive-root/zendrive_cocoapod.git
    :tag: 7.1.0

CHECKOUT OPTIONS:
  ZendriveSDK:
    :git: https://bitbucket.org/zendrive-root/zendrive_cocoapod.git
    :tag: 7.1.0
  ZendriveSDKSwift:
    :git: https://bitbucket.org/zendrive-root/zendrive_cocoapod.git
    :tag: 7.1.0

SPEC CHECKSUMS:
  AWSCore: 00093a1ff49b5d6ce5f1e4d83fe301486fc5034d
  AWSSQS: 42876563f01932be2af2d6df19889e38b009ad55
  CocoaLumberjack: 2f44e60eb91c176d471fdba43b9e3eae6a721947
  Crashlytics: ccc83294f626469f0f24ef28c8c0e9b840f23821
  Fabric: ea977e3cd9c20425516d3dafd3bf8c941c51223f
  MBProgressHUD: e7baa36a220447d8aeb12769bf0585582f3866d9
  SQLite.swift: d2b4642190917051ce6bd1d49aab565fe794eea3
  ZendriveSDK: f0f9397fcf19867e97033f4ac304a7d76af61bda
  ZendriveSDKSwift: a800dee824be5f7b2ccf6a72f47e3e835d41c340

PODFILE CHECKSUM: 72bef5bf5f3e00a3513def34db290a05141b5b61

COCOAPODS: 1.9.3
